pyside6-essentials==6.8.3 \
    --hash=sha256:3c0fae5550aff69f2166f46476c36e0ef56ce73d84829eac4559770b0c034b07 \
    --hash=sha256:aa56c135db924ecfaf50088baf32f737d28027419ca5fee67c0c7141b29184e3 \
    --hash=sha256:b4f4823f870b5bed477d6f7b6a3041839b859f70abfd703cf53208c73c2fe4cd \
    --hash=sha256:fd57fa0c886ef99b3844173322c0023ec77cc946a0c9a0cdfbc2ac5c511053c1
    # via system-budget-studio (pyproject.toml)
shiboken6==6.8.3 \
    --hash=sha256:295a003466ca2cccf6660e2f2ceb5e6cef4af192a48a196a32d46b6f0c9ec5cb \
    --hash=sha256:2b1a41348102952d2a5fbf3630bddd4d44112e18058b5e4cf505e51f2812429d \
    --hash=sha256:483efc7dd53c69147b8a8ade71f7619c79ffc683efcb1dc4f4cb6c40bb23d29b \
    --hash=sha256:bca3a94513ce9242f7d4bbdca902072a1631888e0aa3a8711a52cc5dbe93588f
    # via pyside6-essentials
